// !$*UTF8*$!
{
	archiveVersion = 1;
	classes = {
	};
	objectVersion = 46;
	objects = {

/* Begin PBXBuildFile section */
		166586461EEDF047003D6E17 /* AppDelegate.swift in Sources */ = {isa = PBXBuildFile; fileRef = 166586451EEDF047003D6E17 /* AppDelegate.swift */; };
		166586481EEDF047003D6E17 /* ViewController.swift in Sources */ = {isa = PBXBuildFile; fileRef = 166586471EEDF047003D6E17 /* ViewController.swift */; };
		1665864B1EEDF047003D6E17 /* Main.storyboard in Resources */ = {isa = PBXBuildFile; fileRef = 166586491EEDF047003D6E17 /* Main.storyboard */; };
		1665864D1EEDF047003D6E17 /* Assets.xcassets in Resources */ = {isa = PBXBuildFile; fileRef = 1665864C1EEDF047003D6E17 /* Assets.xcassets */; };
		166586501EEDF047003D6E17 /* LaunchScreen.storyboard in Resources */ = {isa = PBXBuildFile; fileRef = 1665864E1EEDF047003D6E17 /* LaunchScreen.storyboard */; };
		1665865B1EEDF047003D6E17 /* AlphaProjectTests.swift in Sources */ = {isa = PBXBuildFile; fileRef = 1665865A1EEDF047003D6E17 /* AlphaProjectTests.swift */; };
		166586661EEDF047003D6E17 /* AlphaProjectUITests.swift in Sources */ = {isa = PBXBuildFile; fileRef = 166586651EEDF047003D6E17 /* AlphaProjectUITests.swift */; };
		166586741EEDF140003D6E17 /* AlphaViewController.swift in Sources */ = {isa = PBXBuildFile; fileRef = 166586731EEDF140003D6E17 /* AlphaViewController.swift */; };
/* End PBXBuildFile section */

/* Begin PBXContainerItemProxy section */
		166586571EEDF047003D6E17 /* PBXContainerItemProxy */ = {
			isa = PBXContainerItemProxy;
			containerPortal = 1665863A1EEDF045003D6E17 /* Project object */;
			proxyType = 1;
			remoteGlobalIDString = 166586411EEDF045003D6E17;
			remoteInfo = AlphaProject;
		};
		166586621EEDF047003D6E17 /* PBXContainerItemProxy */ = {
			isa = PBXContainerItemProxy;
			containerPortal = 1665863A1EEDF045003D6E17 /* Project object */;
			proxyType = 1;
			remoteGlobalIDString = 166586411EEDF045003D6E17;
			remoteInfo = AlphaProject;
		};
/* End PBXContainerItemProxy section */

/* Begin PBXFileReference section */
		166586421EEDF047003D6E17 /* AlphaProject.app */ = {isa = PBXFileReference; explicitFileType = wrapper.application; includeInIndex = 0; path = AlphaProject.app; sourceTree = BUILT_PRODUCTS_DIR; };
		166586451EEDF047003D6E17 /* AppDelegate.swift */ = {isa = PBXFileReference; lastKnownFileType = sourcecode.swift; path = AppDelegate.swift; sourceTree = "<group>"; };
		166586471EEDF047003D6E17 /* ViewController.swift */ = {isa = PBXFileReference; lastKnownFileType = sourcecode.swift; path = ViewController.swift; sourceTree = "<group>"; };
		1665864A1EEDF047003D6E17 /* Base */ = {isa = PBXFileReference; lastKnownFileType = file.storyboard; name = Base; path = Base.lproj/Main.storyboard; sourceTree = "<group>"; };
		1665864C1EEDF047003D6E17 /* Assets.xcassets */ = {isa = PBXFileReference; lastKnownFileType = folder.assetcatalog; path = Assets.xcassets; sourceTree = "<group>"; };
		1665864F1EEDF047003D6E17 /* Base */ = {isa = PBXFileReference; lastKnownFileType = file.storyboard; name = Base; path = Base.lproj/LaunchScreen.storyboard; sourceTree = "<group>"; };
		166586511EEDF047003D6E17 /* Info.plist */ = {isa = PBXFileReference; lastKnownFileType = text.plist.xml; path = Info.plist; sourceTree = "<group>"; };
		166586561EEDF047003D6E17 /* AlphaProjectTests.xctest */ = {isa = PBXFileReference; explicitFileType = wrapper.cfbundle; includeInIndex = 0; path = AlphaProjectTests.xctest; sourceTree = BUILT_PRODUCTS_DIR; };
		1665865A1EEDF047003D6E17 /* AlphaProjectTests.swift */ = {isa = PBXFileReference; lastKnownFileType = sourcecode.swift; path = AlphaProjectTests.swift; sourceTree = "<group>"; };
		1665865C1EEDF047003D6E17 /* Info.plist */ = {isa = PBXFileReference; lastKnownFileType = text.plist.xml; path = Info.plist; sourceTree = "<group>"; };
		166586611EEDF047003D6E17 /* AlphaProjectUITests.xctest */ = {isa = PBXFileReference; explicitFileType = wrapper.cfbundle; includeInIndex = 0; path = AlphaProjectUITests.xctest; sourceTree = BUILT_PRODUCTS_DIR; };
		166586651EEDF047003D6E17 /* AlphaProjectUITests.swift */ = {isa = PBXFileReference; lastKnownFileType = sourcecode.swift; path = AlphaProjectUITests.swift; sourceTree = "<group>"; };
		166586671EEDF047003D6E17 /* Info.plist */ = {isa = PBXFileReference; lastKnownFileType = text.plist.xml; path = Info.plist; sourceTree = "<group>"; };
		166586731EEDF140003D6E17 /* AlphaViewController.swift */ = {isa = PBXFileReference; fileEncoding = 4; lastKnownFileType = sourcecode.swift; path = AlphaViewController.swift; sourceTree = "<group>"; };
/* End PBXFileReference section */

/* Begin PBXFrameworksBuildPhase section */
		1665863F1EEDF045003D6E17 /* Frameworks */ = {
			isa = PBXFrameworksBuildPhase;
			buildActionMask = 2147483647;
			files = (
			);
			runOnlyForDeploymentPostprocessing = 0;
		};
		166586531EEDF047003D6E17 /* Frameworks */ = {
			isa = PBXFrameworksBuildPhase;
			buildActionMask = 2147483647;
			files = (
			);
			runOnlyForDeploymentPostprocessing = 0;
		};
		1665865E1EEDF047003D6E17 /* Frameworks */ = {
			isa = PBXFrameworksBuildPhase;
			buildActionMask = 2147483647;
			files = (
			);
			runOnlyForDeploymentPostprocessing = 0;
		};
/* End PBXFrameworksBuildPhase section */

/* Begin PBXGroup section */
		166586391EEDF045003D6E17 = {
			isa = PBXGroup;
			children = (
				166586441EEDF047003D6E17 /* AlphaProject */,
				166586591EEDF047003D6E17 /* AlphaProjectTests */,
				166586641EEDF047003D6E17 /* AlphaProjectUITests */,
				166586431EEDF047003D6E17 /* Products */,
			);
			sourceTree = "<group>";
		};
		166586431EEDF047003D6E17 /* Products */ = {
			isa = PBXGroup;
			children = (
				166586421EEDF047003D6E17 /* AlphaProject.app */,
				166586561EEDF047003D6E17 /* AlphaProjectTests.xctest */,
				166586611EEDF047003D6E17 /* AlphaProjectUITests.xctest */,
			);
			name = Products;
			sourceTree = "<group>";
		};
		166586441EEDF047003D6E17 /* AlphaProject */ = {
			isa = PBXGroup;
			children = (
				166586451EEDF047003D6E17 /* AppDelegate.swift */,
				166586471EEDF047003D6E17 /* ViewController.swift */,
				166586491EEDF047003D6E17 /* Main.storyboard */,
				1665864C1EEDF047003D6E17 /* Assets.xcassets */,
				1665864E1EEDF047003D6E17 /* LaunchScreen.storyboard */,
				166586511EEDF047003D6E17 /* Info.plist */,
				166586731EEDF140003D6E17 /* AlphaViewController.swift */,
			);
			path = AlphaProject;
			sourceTree = "<group>";
		};
		166586591EEDF047003D6E17 /* AlphaProjectTests */ = {
			isa = PBXGroup;
			children = (
				1665865A1EEDF047003D6E17 /* AlphaProjectTests.swift */,
				1665865C1EEDF047003D6E17 /* Info.plist */,
			);
			path = AlphaProjectTests;
			sourceTree = "<group>";
		};
		166586641EEDF047003D6E17 /* AlphaProjectUITests */ = {
			isa = PBXGroup;
			children = (
				166586651EEDF047003D6E17 /* AlphaProjectUITests.swift */,
				166586671EEDF047003D6E17 /* Info.plist */,
			);
			path = AlphaProjectUITests;
			sourceTree = "<group>";
		};
/* End PBXGroup section */

/* Begin PBXNativeTarget section */
		166586411EEDF045003D6E17 /* AlphaProject */ = {
			isa = PBXNativeTarget;
			buildConfigurationList = 1665866A1EEDF047003D6E17 /* Build configuration list for PBXNativeTarget "AlphaProject" */;
			buildPhases = (
				1665863E1EEDF045003D6E17 /* Sources */,
				1665863F1EEDF045003D6E17 /* Frameworks */,
				166586401EEDF045003D6E17 /* Resources */,
			);
			buildRules = (
			);
			dependencies = (
			);
			name = AlphaProject;
			productName = AlphaProject;
			productReference = 166586421EEDF047003D6E17 /* AlphaProject.app */;
			productType = "com.apple.product-type.application";
		};
		166586551EEDF047003D6E17 /* AlphaProjectTests */ = {
			isa = PBXNativeTarget;
			buildConfigurationList = 1665866D1EEDF047003D6E17 /* Build configuration list for PBXNativeTarget "AlphaProjectTests" */;
			buildPhases = (
				166586521EEDF047003D6E17 /* Sources */,
				166586531EEDF047003D6E17 /* Frameworks */,
				166586541EEDF047003D6E17 /* Resources */,
			);
			buildRules = (
			);
			dependencies = (
				166586581EEDF047003D6E17 /* PBXTargetDependency */,
			);
			name = AlphaProjectTests;
			productName = AlphaProjectTests;
			productReference = 166586561EEDF047003D6E17 /* AlphaProjectTests.xctest */;
			productType = "com.apple.product-type.bundle.unit-test";
		};
		166586601EEDF047003D6E17 /* AlphaProjectUITests */ = {
			isa = PBXNativeTarget;
			buildConfigurationList = 166586701EEDF047003D6E17 /* Build configuration list for PBXNativeTarget "AlphaProjectUITests" */;
			buildPhases = (
				1665865D1EEDF047003D6E17 /* Sources */,
				1665865E1EEDF047003D6E17 /* Frameworks */,
				1665865F1EEDF047003D6E17 /* Resources */,
			);
			buildRules = (
			);
			dependencies = (
				166586631EEDF047003D6E17 /* PBXTargetDependency */,
			);
			name = AlphaProjectUITests;
			productName = AlphaProjectUITests;
			productReference = 166586611EEDF047003D6E17 /* AlphaProjectUITests.xctest */;
			productType = "com.apple.product-type.bundle.ui-testing";
		};
/* End PBXNativeTarget section */

/* Begin PBXProject section */
		1665863A1EEDF045003D6E17 /* Project object */ = {
			isa = PBXProject;
			attributes = {
				LastSwiftUpdateCheck = 0820;
				LastUpgradeCheck = 0820;
				ORGANIZATIONNAME = SomeCompany;
				TargetAttributes = {
					166586411EEDF045003D6E17 = {
						CreatedOnToolsVersion = 8.2.1;
						DevelopmentTeam = KT56HQ5B5S;
						ProvisioningStyle = Automatic;
					};
					166586551EEDF047003D6E17 = {
						CreatedOnToolsVersion = 8.2.1;
						DevelopmentTeam = KT56HQ5B5S;
						ProvisioningStyle = Automatic;
						TestTargetID = 166586411EEDF045003D6E17;
					};
					166586601EEDF047003D6E17 = {
						CreatedOnToolsVersion = 8.2.1;
						DevelopmentTeam = KT56HQ5B5S;
						ProvisioningStyle = Automatic;
						TestTargetID = 166586411EEDF045003D6E17;
					};
				};
			};
			buildConfigurationList = 1665863D1EEDF045003D6E17 /* Build configuration list for PBXProject "AlphaProject" */;
			compatibilityVersion = "Xcode 3.2";
			developmentRegion = English;
			hasScannedForEncodings = 0;
			knownRegions = (
				en,
				Base,
			);
			mainGroup = 166586391EEDF045003D6E17;
			productRefGroup = 166586431EEDF047003D6E17 /* Products */;
			projectDirPath = "";
			projectRoot = "";
			targets = (
				166586411EEDF045003D6E17 /* AlphaProject */,
				166586551EEDF047003D6E17 /* AlphaProjectTests */,
				166586601EEDF047003D6E17 /* AlphaProjectUITests */,
			);
		};
/* End PBXProject section */

/* Begin PBXResourcesBuildPhase section */
		166586401EEDF045003D6E17 /* Resources */ = {
			isa = PBXResourcesBuildPhase;
			buildActionMask = 2147483647;
			files = (
				166586501EEDF047003D6E17 /* LaunchScreen.storyboard in Resources */,
				1665864D1EEDF047003D6E17 /* Assets.xcassets in Resources */,
				1665864B1EEDF047003D6E17 /* Main.storyboard in Resources */,
			);
			runOnlyForDeploymentPostprocessing = 0;
		};
		166586541EEDF047003D6E17 /* Resources */ = {
			isa = PBXResourcesBuildPhase;
			buildActionMask = 2147483647;
			files = (
			);
			runOnlyForDeploymentPostprocessing = 0;
		};
		1665865F1EEDF047003D6E17 /* Resources */ = {
			isa = PBXResourcesBuildPhase;
			buildActionMask = 2147483647;
			files = (
			);
			runOnlyForDeploymentPostprocessing = 0;
		};
/* End PBXResourcesBuildPhase section */

/* Begin PBXSourcesBuildPhase section */
		1665863E1EEDF045003D6E17 /* Sources */ = {
			isa = PBXSourcesBuildPhase;
			buildActionMask = 2147483647;
			files = (
				166586741EEDF140003D6E17 /* AlphaViewController.swift in Sources */,
				166586481EEDF047003D6E17 /* ViewController.swift in Sources */,
				166586461EEDF047003D6E17 /* AppDelegate.swift in Sources */,
			);
			runOnlyForDeploymentPostprocessing = 0;
		};
		166586521EEDF047003D6E17 /* Sources */ = {
			isa = PBXSourcesBuildPhase;
			buildActionMask = 2147483647;
			files = (
				1665865B1EEDF047003D6E17 /* AlphaProjectTests.swift in Sources */,
			);
			runOnlyForDeploymentPostprocessing = 0;
		};
		1665865D1EEDF047003D6E17 /* Sources */ = {
			isa = PBXSourcesBuildPhase;
			buildActionMask = 2147483647;
			files = (
				166586661EEDF047003D6E17 /* AlphaProjectUITests.swift in Sources */,
			);
			runOnlyForDeploymentPostprocessing = 0;
		};
/* End PBXSourcesBuildPhase section */

/* Begin PBXTargetDependency section */
		166586581EEDF047003D6E17 /* PBXTargetDependency */ = {
			isa = PBXTargetDependency;
			target = 166586411EEDF045003D6E17 /* AlphaProject */;
			targetProxy = 166586571EEDF047003D6E17 /* PBXContainerItemProxy */;
		};
		166586631EEDF047003D6E17 /* PBXTargetDependency */ = {
			isa = PBXTargetDependency;
			target = 166586411EEDF045003D6E17 /* AlphaProject */;
			targetProxy = 166586621EEDF047003D6E17 /* PBXContainerItemProxy */;
		};
/* End PBXTargetDependency section */

/* Begin PBXVariantGroup section */
		166586491EEDF047003D6E17 /* Main.storyboard */ = {
			isa = PBXVariantGroup;
			children = (
				1665864A1EEDF047003D6E17 /* Base */,
			);
			name = Main.storyboard;
			sourceTree = "<group>";
		};
		1665864E1EEDF047003D6E17 /* LaunchScreen.storyboard */ = {
			isa = PBXVariantGroup;
			children = (
				1665864F1EEDF047003D6E17 /* Base */,
			);
			name = LaunchScreen.storyboard;
			sourceTree = "<group>";
		};
/* End PBXVariantGroup section */

/* Begin XCBuildConfiguration section */
		166586681EEDF047003D6E17 /* Debug */ = {
			isa = XCBuildConfiguration;
			buildSettings = {
				ALWAYS_SEARCH_USER_PATHS = NO;
				CLANG_ANALYZER_NONNULL = YES;
				CLANG_CXX_LANGUAGE_STANDARD = "gnu++0x";
				CLANG_CXX_LIBRARY = "libc++";
				CLANG_ENABLE_MODULES = YES;
				CLANG_ENABLE_OBJC_ARC = YES;
				CLANG_WARN_BOOL_CONVERSION = YES;
				CLANG_WARN_CONSTANT_CONVERSION = YES;
				CLANG_WARN_DIRECT_OBJC_ISA_USAGE = YES_ERROR;
				CLANG_WARN_DOCUMENTATION_COMMENTS = YES;
				CLANG_WARN_EMPTY_BODY = YES;
				CLANG_WARN_ENUM_CONVERSION = YES;
				CLANG_WARN_INFINITE_RECURSION = YES;
				CLANG_WARN_INT_CONVERSION = YES;
				CLANG_WARN_OBJC_ROOT_CLASS = YES_ERROR;
				CLANG_WARN_SUSPICIOUS_MOVE = YES;
				CLANG_WARN_UNREACHABLE_CODE = YES;
				CLANG_WARN__DUPLICATE_METHOD_MATCH = YES;
				"CODE_SIGN_IDENTITY[sdk=iphoneos*]" = "iPhone Developer";
				COPY_PHASE_STRIP = NO;
				DEBUG_INFORMATION_FORMAT = dwarf;
				ENABLE_STRICT_OBJC_MSGSEND = YES;
				ENABLE_TESTABILITY = YES;
				GCC_C_LANGUAGE_STANDARD = gnu99;
				GCC_DYNAMIC_NO_PIC = NO;
				GCC_NO_COMMON_BLOCKS = YES;
				GCC_OPTIMIZATION_LEVEL = 0;
				GCC_PREPROCESSOR_DEFINITIONS = (
					"DEBUG=1",
					"$(inherited)",
				);
				GCC_WARN_64_TO_32_BIT_CONVERSION = YES;
				GCC_WARN_ABOUT_RETURN_TYPE = YES_ERROR;
				GCC_WARN_UNDECLARED_SELECTOR = YES;
				GCC_WARN_UNINITIALIZED_AUTOS = YES_AGGRESSIVE;
				GCC_WARN_UNUSED_FUNCTION = YES;
				GCC_WARN_UNUSED_VARIABLE = YES;
				IPHONEOS_DEPLOYMENT_TARGET = 10.2;
				MTL_ENABLE_DEBUG_INFO = YES;
				ONLY_ACTIVE_ARCH = YES;
				SDKROOT = iphoneos;
				SWIFT_ACTIVE_COMPILATION_CONDITIONS = DEBUG;
				SWIFT_OPTIMIZATION_LEVEL = "-Onone";
				TARGETED_DEVICE_FAMILY = "1,2";
			};
			name = Debug;
		};
		166586691EEDF047003D6E17 /* Release */ = {
			isa = XCBuildConfiguration;
			buildSettings = {
				ALWAYS_SEARCH_USER_PATHS = NO;
				CLANG_ANALYZER_NONNULL = YES;
				CLANG_CXX_LANGUAGE_STANDARD = "gnu++0x";
				CLANG_CXX_LIBRARY = "libc++";
				CLANG_ENABLE_MODULES = YES;
				CLANG_ENABLE_OBJC_ARC = YES;
				CLANG_WARN_BOOL_CONVERSION = YES;
				CLANG_WARN_CONSTANT_CONVERSION = YES;
				CLANG_WARN_DIRECT_OBJC_ISA_USAGE = YES_ERROR;
				CLANG_WARN_DOCUMENTATION_COMMENTS = YES;
				CLANG_WARN_EMPTY_BODY = YES;
				CLANG_WARN_ENUM_CONVERSION = YES;
				CLANG_WARN_INFINITE_RECURSION = YES;
				CLANG_WARN_INT_CONVERSION = YES;
				CLANG_WARN_OBJC_ROOT_CLASS = YES_ERROR;
				CLANG_WARN_SUSPICIOUS_MOVE = YES;
				CLANG_WARN_UNREACHABLE_CODE = YES;
				CLANG_WARN__DUPLICATE_METHOD_MATCH = YES;
				"CODE_SIGN_IDENTITY[sdk=iphoneos*]" = "iPhone Developer";
				COPY_PHASE_STRIP = NO;
				DEBUG_INFORMATION_FORMAT = "dwarf-with-dsym";
				ENABLE_NS_ASSERTIONS = NO;
				ENABLE_STRICT_OBJC_MSGSEND = YES;
				GCC_C_LANGUAGE_STANDARD = gnu99;
				GCC_NO_COMMON_BLOCKS = YES;
				GCC_WARN_64_TO_32_BIT_CONVERSION = YES;
				GCC_WARN_ABOUT_RETURN_TYPE = YES_ERROR;
				GCC_WARN_UNDECLARED_SELECTOR = YES;
				GCC_WARN_UNINITIALIZED_AUTOS = YES_AGGRESSIVE;
				GCC_WARN_UNUSED_FUNCTION = YES;
				GCC_WARN_UNUSED_VARIABLE = YES;
				IPHONEOS_DEPLOYMENT_TARGET = 10.2;
				MTL_ENABLE_DEBUG_INFO = NO;
				SDKROOT = iphoneos;
				SWIFT_OPTIMIZATION_LEVEL = "-Owholemodule";
				TARGETED_DEVICE_FAMILY = "1,2";
				VALIDATE_PRODUCT = YES;
			};
			name = Release;
		};
		1665866B1EEDF047003D6E17 /* Debug */ = {
			isa = XCBuildConfiguration;
			buildSettings = {
				ASSETCATALOG_COMPILER_APPICON_NAME = AppIcon;
				DEVELOPMENT_TEAM = KT56HQ5B5S;
				INFOPLIST_FILE = AlphaProject/Info.plist;
				LD_RUNPATH_SEARCH_PATHS = "$(inherited) @executable_path/Frameworks";
				PRODUCT_BUNDLE_IDENTIFIER = com.SomeCompany.AlphaProject;
				PRODUCT_NAME = "$(TARGET_NAME)";
				SWIFT_VERSION = 3.0;
			};
			name = Debug;
		};
		1665866C1EEDF047003D6E17 /* Release */ = {
			isa = XCBuildConfiguration;
			buildSettings = {
				ASSETCATALOG_COMPILER_APPICON_NAME = AppIcon;
				DEVELOPMENT_TEAM = KT56HQ5B5S;
				INFOPLIST_FILE = AlphaProject/Info.plist;
				LD_RUNPATH_SEARCH_PATHS = "$(inherited) @executable_path/Frameworks";
				PRODUCT_BUNDLE_IDENTIFIER = com.SomeCompany.AlphaProject;
				PRODUCT_NAME = "$(TARGET_NAME)";
				SWIFT_VERSION = 3.0;
			};
			name = Release;
		};
		1665866E1EEDF047003D6E17 /* Debug */ = {
			isa = XCBuildConfiguration;
			buildSettings = {
				ALWAYS_EMBED_SWIFT_STANDARD_LIBRARIES = YES;
				BUNDLE_LOADER = "$(TEST_HOST)";
				DEVELOPMENT_TEAM = KT56HQ5B5S;
				INFOPLIST_FILE = AlphaProjectTests/Info.plist;
				LD_RUNPATH_SEARCH_PATHS = "$(inherited) @executable_path/Frameworks @loader_path/Frameworks";
				PRODUCT_BUNDLE_IDENTIFIER = com.SomeCompany.AlphaProjectTests;
				PRODUCT_NAME = "$(TARGET_NAME)";
				SWIFT_VERSION = 3.0;
				TEST_HOST = "$(BUILT_PRODUCTS_DIR)/AlphaProject.app/AlphaProject";
			};
			name = Debug;
		};
		1665866F1EEDF047003D6E17 /* Release */ = {
			isa = XCBuildConfiguration;
			buildSettings = {
				ALWAYS_EMBED_SWIFT_STANDARD_LIBRARIES = YES;
				BUNDLE_LOADER = "$(TEST_HOST)";
				DEVELOPMENT_TEAM = KT56HQ5B5S;
				INFOPLIST_FILE = AlphaProjectTests/Info.plist;
				LD_RUNPATH_SEARCH_PATHS = "$(inherited) @executable_path/Frameworks @loader_path/Frameworks";
				PRODUCT_BUNDLE_IDENTIFIER = com.SomeCompany.AlphaProjectTests;
				PRODUCT_NAME = "$(TARGET_NAME)";
				SWIFT_VERSION = 3.0;
				TEST_HOST = "$(BUILT_PRODUCTS_DIR)/AlphaProject.app/AlphaProject";
			};
			name = Release;
		};
		166586711EEDF047003D6E17 /* Debug */ = {
			isa = XCBuildConfiguration;
			buildSettings = {
				ALWAYS_EMBED_SWIFT_STANDARD_LIBRARIES = YES;
				DEVELOPMENT_TEAM = KT56HQ5B5S;
				INFOPLIST_FILE = AlphaProjectUITests/Info.plist;
				LD_RUNPATH_SEARCH_PATHS = "$(inherited) @executable_path/Frameworks @loader_path/Frameworks";
				PRODUCT_BUNDLE_IDENTIFIER = com.SomeCompany.AlphaProjectUITests;
				PRODUCT_NAME = "$(TARGET_NAME)";
				SWIFT_VERSION = 3.0;
				TEST_TARGET_NAME = AlphaProject;
			};
			name = Debug;
		};
		166586721EEDF047003D6E17 /* Release */ = {
			isa = XCBuildConfiguration;
			buildSettings = {
				ALWAYS_EMBED_SWIFT_STANDARD_LIBRARIES = YES;
				DEVELOPMENT_TEAM = KT56HQ5B5S;
				INFOPLIST_FILE = AlphaProjectUITests/Info.plist;
				LD_RUNPATH_SEARCH_PATHS = "$(inherited) @executable_path/Frameworks @loader_path/Frameworks";
				PRODUCT_BUNDLE_IDENTIFIER = com.SomeCompany.AlphaProjectUITests;
				PRODUCT_NAME = "$(TARGET_NAME)";
				SWIFT_VERSION = 3.0;
				TEST_TARGET_NAME = AlphaProject;
			};
			name = Release;
		};
/* End XCBuildConfiguration section */

/* Begin XCConfigurationList section */
		1665863D1EEDF045003D6E17 /* Build configuration list for PBXProject "AlphaProject" */ = {
			isa = XCConfigurationList;
			buildConfigurations = (
				166586681EEDF047003D6E17 /* Debug */,
				166586691EEDF047003D6E17 /* Release */,
			);
			defaultConfigurationIsVisible = 0;
			defaultConfigurationName = Release;
		};
		1665866A1EEDF047003D6E17 /* Build configuration list for PBXNativeTarget "AlphaProject" */ = {
			isa = XCConfigurationList;
			buildConfigurations = (
				1665866B1EEDF047003D6E17 /* Debug */,
				1665866C1EEDF047003D6E17 /* Release */,
			);
			defaultConfigurationIsVisible = 0;
		};
		1665866D1EEDF047003D6E17 /* Build configuration list for PBXNativeTarget "AlphaProjectTests" */ = {
			isa = XCConfigurationList;
			buildConfigurations = (
				1665866E1EEDF047003D6E17 /* Debug */,
				1665866F1EEDF047003D6E17 /* Release */,
			);
			defaultConfigurationIsVisible = 0;
		};
		166586701EEDF047003D6E17 /* Build configuration list for PBXNativeTarget "AlphaProjectUITests" */ = {
			isa = XCConfigurationList;
			buildConfigurations = (
				166586711EEDF047003D6E17 /* Debug */,
				166586721EEDF047003D6E17 /* Release */,
			);
			defaultConfigurationIsVisible = 0;
		};
/* End XCConfigurationList section */
	};
	rootObject = 1665863A1EEDF045003D6E17 /* Project object */;
}
